
Microsoft Visual Studio Solution File, Format Version 12.00
# Visual Studio Version 17
VisualStudioVersion = 17.14.36212.18
MinimumVisualStudioVersion = 10.0.40219.1
Project("{FAE04EC0-301F-11D3-BF4B-00C04F79EFBC}") = "PersonalExpenses", "PersonalExpenses\PersonalExpenses.csproj", "{EA16F2CC-B729-42F3-BC9F-F0F879C708E3}"
EndProject
Global
	GlobalSection(SolutionConfigurationPlatforms) = preSolution
		Debug|Any CPU = Debug|Any CPU
		Release|Any CPU = Release|Any CPU
	EndGlobalSection
	GlobalSection(ProjectConfigurationPlatforms) = postSolution
		{EA16F2CC-B729-42F3-BC9F-F0F879C708E3}.Debug|Any CPU.ActiveCfg = Debug|Any CPU
		{EA16F2CC-B729-42F3-BC9F-F0F879C708E3}.Debug|Any CPU.Build.0 = Debug|Any CPU
		{EA16F2CC-B729-42F3-BC9F-F0F879C708E3}.Debug|Any CPU.Deploy.0 = Debug|Any CPU
		{EA16F2CC-B729-42F3-BC9F-F0F879C708E3}.Release|Any CPU.ActiveCfg = Release|Any CPU
		{EA16F2CC-B729-42F3-BC9F-F0F879C708E3}.Release|Any CPU.Build.0 = Release|Any CPU
	EndGlobalSection
	GlobalSection(SolutionProperties) = preSolution
		HideSolutionNode = FALSE
	EndGlobalSection
	GlobalSection(ExtensibilityGlobals) = postSolution
		SolutionGuid = {962AB6B0-776D-4663-9988-1E07D964C84E}
	EndGlobalSection
EndGlobal
